
Microsoft Visual Studio Solution File, Format Version 12.00
# Visual Studio Version 17
VisualStudioVersion = 17.0.32112.339
MinimumVisualStudioVersion = 10.0.40219.1
Project("{FAE04EC0-301F-11D3-BF4B-00C04F79EFBC}") = "carLot_A2B", "carLot_A2B\carLot_A2B.csproj", "{644C7B19-6253-40FA-8314-952A3434A152}"
EndProject
Global
	GlobalSection(SolutionConfigurationPlatforms) = preSolution
		Debug|Any CPU = Debug|Any CPU
		Release|Any CPU = Release|Any CPU
	EndGlobalSection
	GlobalSection(ProjectConfigurationPlatforms) = postSolution
		{644C7B19-6253-40FA-8314-952A3434A152}.Debug|Any CPU.ActiveCfg = Debug|Any CPU
		{644C7B19-6253-40FA-8314-952A3434A152}.Debug|Any CPU.Build.0 = Debug|Any CPU
		{644C7B19-6253-40FA-8314-952A3434A152}.Release|Any CPU.ActiveCfg = Release|Any CPU
		{644C7B19-6253-40FA-8314-952A3434A152}.Release|Any CPU.Build.0 = Release|Any CPU
	EndGlobalSection
	GlobalSection(SolutionProperties) = preSolution
		HideSolutionNode = FALSE
	EndGlobalSection
	GlobalSection(ExtensibilityGlobals) = postSolution
		SolutionGuid = {B2DB9782-A2B9-4EA7-9AF8-75809A46CAE9}
	EndGlobalSection
EndGlobal
